// !$*UTF8*$!
{
	archiveVersion = 1;
	classes = {
	};
	objectVersion = 46;
	objects = {

/* Begin PBXBuildFile section */
		C30A684D136CEE570061787D /* navBack.png in Resources */ = {isa = PBXBuildFile; fileRef = C30A684B136CEE570061787D /* navBack.png */; };
		C30A684E136CEE570061787D /* navBack@2x.png in Resources */ = {isa = PBXBuildFile; fileRef = C30A684C136CEE570061787D /* navBack@2x.png */; };
		C30A6856136CFD570061787D /* infoCellBG.png in Resources */ = {isa = PBXBuildFile; fileRef = C30A6854136CFD570061787D /* infoCellBG.png */; };
		C30A6857136CFD570061787D /* infoCellBG@2x.png in Resources */ = {isa = PBXBuildFile; fileRef = C30A6855136CFD570061787D /* infoCellBG@2x.png */; };
		C30A6879136D0E6E0061787D /* infobg.png in Resources */ = {isa = PBXBuildFile; fileRef = C30A6877136D0E6E0061787D /* infobg.png */; };
		C30A687A136D0E6E0061787D /* infobg@2x.png in Resources */ = {isa = PBXBuildFile; fileRef = C30A6878136D0E6E0061787D /* infobg@2x.png */; };
		C30A687D136DADE70061787D /* loading.png in Resources */ = {isa = PBXBuildFile; fileRef = C30A687B136DADE70061787D /* loading.png */; };
		C30A687E136DADE70061787D /* loading@2x.png in Resources */ = {isa = PBXBuildFile; fileRef = C30A687C136DADE70061787D /* loading@2x.png */; };
		C32EBA64135E6D840056AAD7 /* AssetsLibrary.framework in Frameworks */ = {isa = PBXBuildFile; fileRef = C32EBA63135E6D840056AAD7 /* AssetsLibrary.framework */; };
		C34311A2136B41DE00862240 /* PhotoViewController.m in Sources */ = {isa = PBXBuildFile; fileRef = C34311A0136B41DD00862240 /* PhotoViewController.m */; };
		C34311A3136B41DE00862240 /* PhotoViewController.xib in Resources */ = {isa = PBXBuildFile; fileRef = C34311A1136B41DE00862240 /* PhotoViewController.xib */; };
		C343557D1357DD7300895B9C /* settings.png in Resources */ = {isa = PBXBuildFile; fileRef = C343557B1357DD7300895B9C /* settings.png */; };
		C343557E1357DD7300895B9C /* settings@2x.png in Resources */ = {isa = PBXBuildFile; fileRef = C343557C1357DD7300895B9C /* settings@2x.png */; };
		C34355811358C54800895B9C /* camera.png in Resources */ = {isa = PBXBuildFile; fileRef = C343557F1358C54800895B9C /* camera.png */; };
		C34355821358C54800895B9C /* camera@2x.png in Resources */ = {isa = PBXBuildFile; fileRef = C34355801358C54800895B9C /* camera@2x.png */; };
		C343558C135A196B00895B9C /* QuartzCore.framework in Frameworks */ = {isa = PBXBuildFile; fileRef = C343558B135A196B00895B9C /* QuartzCore.framework */; };
		C343558E135A2FE900895B9C /* ImageIO.framework in Frameworks */ = {isa = PBXBuildFile; fileRef = C343558D135A2FE900895B9C /* ImageIO.framework */; };
		C34D6E03139D6ABF00F4CCAD /* CoreMotion.framework in Frameworks */ = {isa = PBXBuildFile; fileRef = C34D6E02139D6ABF00F4CCAD /* CoreMotion.framework */; };
		C358D3A51363AE3A007B7A7A /* GalleryViewController.m in Sources */ = {isa = PBXBuildFile; fileRef = C358D3A31363AE3A007B7A7A /* GalleryViewController.m */; };
		C358D3A61363AE3A007B7A7A /* GalleryViewController.xib in Resources */ = {isa = PBXBuildFile; fileRef = C358D3A41363AE3A007B7A7A /* GalleryViewController.xib */; };
		C37D38881357131000239810 /* info.png in Resources */ = {isa = PBXBuildFile; fileRef = C37D38861357131000239810 /* info.png */; };
		C37D38891357131000239810 /* info@2x.png in Resources */ = {isa = PBXBuildFile; fileRef = C37D38871357131000239810 /* info@2x.png */; };
		C37D388E135716E000239810 /* InfoViewController.m in Sources */ = {isa = PBXBuildFile; fileRef = C37D388C135716E000239810 /* InfoViewController.m */; };
		C37D388F135716E000239810 /* InfoViewController.xib in Resources */ = {isa = PBXBuildFile; fileRef = C37D388D135716E000239810 /* InfoViewController.xib */; };
		C3A2DEC0136DC55E003E8E35 /* Bellerose.ttf in Resources */ = {isa = PBXBuildFile; fileRef = C3A2DEBF136DC55E003E8E35 /* Bellerose.ttf */; };
		C3A2DEC3136DC7C7003E8E35 /* galleryBG.png in Resources */ = {isa = PBXBuildFile; fileRef = C3A2DEC1136DC7C7003E8E35 /* galleryBG.png */; };
		C3A2DEC4136DC7C7003E8E35 /* galleryBG@2x.png in Resources */ = {isa = PBXBuildFile; fileRef = C3A2DEC2136DC7C7003E8E35 /* galleryBG@2x.png */; };
		C3A2DEC71371D2B9003E8E35 /* back.png in Resources */ = {isa = PBXBuildFile; fileRef = C3A2DEC51371D2B9003E8E35 /* back.png */; };
		C3A2DEC81371D2B9003E8E35 /* back@2x.png in Resources */ = {isa = PBXBuildFile; fileRef = C3A2DEC61371D2B9003E8E35 /* back@2x.png */; };
		C3A2DECB1371D2CA003E8E35 /* forward.png in Resources */ = {isa = PBXBuildFile; fileRef = C3A2DEC91371D2CA003E8E35 /* forward.png */; };
		C3A2DECC1371D2CA003E8E35 /* forward@2x.png in Resources */ = {isa = PBXBuildFile; fileRef = C3A2DECA1371D2CA003E8E35 /* forward@2x.png */; };
		C3AED30813562D3400ECA9C0 /* UIKit.framework in Frameworks */ = {isa = PBXBuildFile; fileRef = C3AED30713562D3400ECA9C0 /* UIKit.framework */; };
		C3AED30A13562D3400ECA9C0 /* Foundation.framework in Frameworks */ = {isa = PBXBuildFile; fileRef = C3AED30913562D3400ECA9C0 /* Foundation.framework */; };
		C3AED30C13562D3400ECA9C0 /* CoreGraphics.framework in Frameworks */ = {isa = PBXBuildFile; fileRef = C3AED30B13562D3400ECA9C0 /* CoreGraphics.framework */; };
		C3AED30E13562D3400ECA9C0 /* CoreData.framework in Frameworks */ = {isa = PBXBuildFile; fileRef = C3AED30D13562D3400ECA9C0 /* CoreData.framework */; };
		C3AED31413562D3400ECA9C0 /* InfoPlist.strings in Resources */ = {isa = PBXBuildFile; fileRef = C3AED31213562D3400ECA9C0 /* InfoPlist.strings */; };
		C3AED31713562D3400ECA9C0 /* main.m in Sources */ = {isa = PBXBuildFile; fileRef = C3AED31613562D3400ECA9C0 /* main.m */; };
		C3AED31A13562D3400ECA9C0 /* HoodStatsAppDelegate.m in Sources */ = {isa = PBXBuildFile; fileRef = C3AED31913562D3400ECA9C0 /* HoodStatsAppDelegate.m */; };
		C3AED31D13562D3400ECA9C0 /* MainWindow.xib in Resources */ = {isa = PBXBuildFile; fileRef = C3AED31B13562D3400ECA9C0 /* MainWindow.xib */; };
		C3AED32013562D3400ECA9C0 /* HoodStats.xcdatamodeld in Sources */ = {isa = PBXBuildFile; fileRef = C3AED31E13562D3400ECA9C0 /* HoodStats.xcdatamodeld */; };
		C3AED33313562E8000ECA9C0 /* CXMLDocument_PrivateExtensions.m in Sources */ = {isa = PBXBuildFile; fileRef = C3AED32713562E8000ECA9C0 /* CXMLDocument_PrivateExtensions.m */; };
		C3AED33413562E8000ECA9C0 /* CXMLDocument.m in Sources */ = {isa = PBXBuildFile; fileRef = C3AED32913562E8000ECA9C0 /* CXMLDocument.m */; };
		C3AED33513562E8000ECA9C0 /* CXMLElement.m in Sources */ = {isa = PBXBuildFile; fileRef = C3AED32B13562E8000ECA9C0 /* CXMLElement.m */; };
		C3AED33613562E8000ECA9C0 /* CXMLNode_PrivateExtensions.m in Sources */ = {isa = PBXBuildFile; fileRef = C3AED32D13562E8000ECA9C0 /* CXMLNode_PrivateExtensions.m */; };
		C3AED33713562E8000ECA9C0 /* CXMLNode_XPathExtensions.m in Sources */ = {isa = PBXBuildFile; fileRef = C3AED32F13562E8000ECA9C0 /* CXMLNode_XPathExtensions.m */; };
		C3AED33813562E8000ECA9C0 /* CXMLNode.m in Sources */ = {isa = PBXBuildFile; fileRef = C3AED33113562E8000ECA9C0 /* CXMLNode.m */; };
		C3AED33C13566E7D00ECA9C0 /* BaseController.m in Sources */ = {isa = PBXBuildFile; fileRef = C3AED33B13566E7D00ECA9C0 /* BaseController.m */; };
		C3AED34013566F4000ECA9C0 /* HoodStatsViewController.m in Sources */ = {isa = PBXBuildFile; fileRef = C3AED33E13566F4000ECA9C0 /* HoodStatsViewController.m */; };
		C3AED34113566F4000ECA9C0 /* HoodStatsViewController.xib in Resources */ = {isa = PBXBuildFile; fileRef = C3AED33F13566F4000ECA9C0 /* HoodStatsViewController.xib */; };
		C3AED34A1356706900ECA9C0 /* bubble.png in Resources */ = {isa = PBXBuildFile; fileRef = C3AED3441356706900ECA9C0 /* bubble.png */; };
		C3AED34B1356706900ECA9C0 /* bubble@2x.png in Resources */ = {isa = PBXBuildFile; fileRef = C3AED3451356706900ECA9C0 /* bubble@2x.png */; };
		C3AED34E1356706900ECA9C0 /* scanning.png in Resources */ = {isa = PBXBuildFile; fileRef = C3AED3481356706900ECA9C0 /* scanning.png */; };
		C3AED34F1356706900ECA9C0 /* scanning@2x.png in Resources */ = {isa = PBXBuildFile; fileRef = C3AED3491356706900ECA9C0 /* scanning@2x.png */; };
		C3AED3511356708900ECA9C0 /* CoreMedia.framework in Frameworks */ = {isa = PBXBuildFile; fileRef = C3AED3501356708900ECA9C0 /* CoreMedia.framework */; };
		C3AED353135670B300ECA9C0 /* CoreLocation.framework in Frameworks */ = {isa = PBXBuildFile; fileRef = C3AED352135670B300ECA9C0 /* CoreLocation.framework */; };
		C3AED355135670B800ECA9C0 /* AVFoundation.framework in Frameworks */ = {isa = PBXBuildFile; fileRef = C3AED354135670B800ECA9C0 /* AVFoundation.framework */; };
		C3F613A9135A317E0067C9A9 /* CoreVideo.framework in Frameworks */ = {isa = PBXBuildFile; fileRef = C3F613A8135A317E0067C9A9 /* CoreVideo.framework */; };
		C3F9DD3913A2A065004A8AE5 /* MapKit.framework in Frameworks */ = {isa = PBXBuildFile; fileRef = C3F9DD3813A2A065004A8AE5 /* MapKit.framework */; };
/* End PBXBuildFile section */

/* Begin PBXFileReference section */
		C30A684B136CEE570061787D /* navBack.png */ = {isa = PBXFileReference; lastKnownFileType = image.png; path = navBack.png; sourceTree = "<group>"; };
		C30A684C136CEE570061787D /* navBack@2x.png */ = {isa = PBXFileReference; lastKnownFileType = image.png; path = "navBack@2x.png"; sourceTree = "<group>"; };
		C30A6854136CFD570061787D /* infoCellBG.png */ = {isa = PBXFileReference; lastKnownFileType = image.png; path = infoCellBG.png; sourceTree = "<group>"; };
		C30A6855136CFD570061787D /* infoCellBG@2x.png */ = {isa = PBXFileReference; lastKnownFileType = image.png; path = "infoCellBG@2x.png"; sourceTree = "<group>"; };
		C30A6877136D0E6E0061787D /* infobg.png */ = {isa = PBXFileReference; lastKnownFileType = image.png; path = infobg.png; sourceTree = "<group>"; };
		C30A6878136D0E6E0061787D /* infobg@2x.png */ = {isa = PBXFileReference; lastKnownFileType = image.png; path = "infobg@2x.png"; sourceTree = "<group>"; };
		C30A687B136DADE70061787D /* loading.png */ = {isa = PBXFileReference; lastKnownFileType = image.png; path = loading.png; sourceTree = "<group>"; };
		C30A687C136DADE70061787D /* loading@2x.png */ = {isa = PBXFileReference; lastKnownFileType = image.png; path = "loading@2x.png"; sourceTree = "<group>"; };
		C32EBA63135E6D840056AAD7 /* AssetsLibrary.framework */ = {isa = PBXFileReference; lastKnownFileType = wrapper.framework; name = AssetsLibrary.framework; path = System/Library/Frameworks/AssetsLibrary.framework; sourceTree = SDKROOT; };
		C343119F136B41DD00862240 /* PhotoViewController.h */ = {isa = PBXFileReference; fileEncoding = 4; lastKnownFileType = sourcecode.c.h; path = PhotoViewController.h; sourceTree = "<group>"; };
		C34311A0136B41DD00862240 /* PhotoViewController.m */ = {isa = PBXFileReference; fileEncoding = 4; lastKnownFileType = sourcecode.c.objc; path = PhotoViewController.m; sourceTree = "<group>"; };
		C34311A1136B41DE00862240 /* PhotoViewController.xib */ = {isa = PBXFileReference; fileEncoding = 4; lastKnownFileType = file.xib; path = PhotoViewController.xib; sourceTree = "<group>"; };
		C343557B1357DD7300895B9C /* settings.png */ = {isa = PBXFileReference; lastKnownFileType = image.png; path = settings.png; sourceTree = "<group>"; };
		C343557C1357DD7300895B9C /* settings@2x.png */ = {isa = PBXFileReference; lastKnownFileType = image.png; path = "settings@2x.png"; sourceTree = "<group>"; };
		C343557F1358C54800895B9C /* camera.png */ = {isa = PBXFileReference; lastKnownFileType = image.png; path = camera.png; sourceTree = "<group>"; };
		C34355801358C54800895B9C /* camera@2x.png */ = {isa = PBXFileReference; lastKnownFileType = image.png; path = "camera@2x.png"; sourceTree = "<group>"; };
		C343558B135A196B00895B9C /* QuartzCore.framework */ = {isa = PBXFileReference; lastKnownFileType = wrapper.framework; name = QuartzCore.framework; path = System/Library/Frameworks/QuartzCore.framework; sourceTree = SDKROOT; };
		C343558D135A2FE900895B9C /* ImageIO.framework */ = {isa = PBXFileReference; lastKnownFileType = wrapper.framework; name = ImageIO.framework; path = System/Library/Frameworks/ImageIO.framework; sourceTree = SDKROOT; };
		C34D6E02139D6ABF00F4CCAD /* CoreMotion.framework */ = {isa = PBXFileReference; lastKnownFileType = wrapper.framework; name = CoreMotion.framework; path = System/Library/Frameworks/CoreMotion.framework; sourceTree = SDKROOT; };
		C358D3A21363AE3A007B7A7A /* GalleryViewController.h */ = {isa = PBXFileReference; fileEncoding = 4; lastKnownFileType = sourcecode.c.h; path = GalleryViewController.h; sourceTree = "<group>"; };
		C358D3A31363AE3A007B7A7A /* GalleryViewController.m */ = {isa = PBXFileReference; fileEncoding = 4; lastKnownFileType = sourcecode.c.objc; path = GalleryViewController.m; sourceTree = "<group>"; };
		C358D3A41363AE3A007B7A7A /* GalleryViewController.xib */ = {isa = PBXFileReference; fileEncoding = 4; lastKnownFileType = file.xib; path = GalleryViewController.xib; sourceTree = "<group>"; };
		C37D38861357131000239810 /* info.png */ = {isa = PBXFileReference; lastKnownFileType = image.png; path = info.png; sourceTree = "<group>"; };
		C37D38871357131000239810 /* info@2x.png */ = {isa = PBXFileReference; lastKnownFileType = image.png; path = "info@2x.png"; sourceTree = "<group>"; };
		C37D388B135716E000239810 /* InfoViewController.h */ = {isa = PBXFileReference; fileEncoding = 4; lastKnownFileType = sourcecode.c.h; path = InfoViewController.h; sourceTree = "<group>"; };
		C37D388C135716E000239810 /* InfoViewController.m */ = {isa = PBXFileReference; fileEncoding = 4; lastKnownFileType = sourcecode.c.objc; path = InfoViewController.m; sourceTree = "<group>"; };
		C37D388D135716E000239810 /* InfoViewController.xib */ = {isa = PBXFileReference; fileEncoding = 4; lastKnownFileType = file.xib; path = InfoViewController.xib; sourceTree = "<group>"; };
		C3A2DEBF136DC55E003E8E35 /* Bellerose.ttf */ = {isa = PBXFileReference; lastKnownFileType = file; path = Bellerose.ttf; sourceTree = "<group>"; };
		C3A2DEC1136DC7C7003E8E35 /* galleryBG.png */ = {isa = PBXFileReference; lastKnownFileType = image.png; path = galleryBG.png; sourceTree = "<group>"; };
		C3A2DEC2136DC7C7003E8E35 /* galleryBG@2x.png */ = {isa = PBXFileReference; lastKnownFileType = image.png; path = "galleryBG@2x.png"; sourceTree = "<group>"; };
		C3A2DEC51371D2B9003E8E35 /* back.png */ = {isa = PBXFileReference; lastKnownFileType = image.png; path = back.png; sourceTree = "<group>"; };
		C3A2DEC61371D2B9003E8E35 /* back@2x.png */ = {isa = PBXFileReference; lastKnownFileType = image.png; path = "back@2x.png"; sourceTree = "<group>"; };
		C3A2DEC91371D2CA003E8E35 /* forward.png */ = {isa = PBXFileReference; lastKnownFileType = image.png; path = forward.png; sourceTree = "<group>"; };
		C3A2DECA1371D2CA003E8E35 /* forward@2x.png */ = {isa = PBXFileReference; lastKnownFileType = image.png; path = "forward@2x.png"; sourceTree = "<group>"; };
		C3AED30313562D3400ECA9C0 /* HoodStats.app */ = {isa = PBXFileReference; explicitFileType = wrapper.application; includeInIndex = 0; path = HoodStats.app; sourceTree = BUILT_PRODUCTS_DIR; };
		C3AED30713562D3400ECA9C0 /* UIKit.framework */ = {isa = PBXFileReference; lastKnownFileType = wrapper.framework; name = UIKit.framework; path = System/Library/Frameworks/UIKit.framework; sourceTree = SDKROOT; };
		C3AED30913562D3400ECA9C0 /* Foundation.framework */ = {isa = PBXFileReference; lastKnownFileType = wrapper.framework; name = Foundation.framework; path = System/Library/Frameworks/Foundation.framework; sourceTree = SDKROOT; };
		C3AED30B13562D3400ECA9C0 /* CoreGraphics.framework */ = {isa = PBXFileReference; lastKnownFileType = wrapper.framework; name = CoreGraphics.framework; path = System/Library/Frameworks/CoreGraphics.framework; sourceTree = SDKROOT; };
		C3AED30D13562D3400ECA9C0 /* CoreData.framework */ = {isa = PBXFileReference; lastKnownFileType = wrapper.framework; name = CoreData.framework; path = System/Library/Frameworks/CoreData.framework; sourceTree = SDKROOT; };
		C3AED31113562D3400ECA9C0 /* HoodStats-Info.plist */ = {isa = PBXFileReference; lastKnownFileType = text.plist.xml; path = "HoodStats-Info.plist"; sourceTree = "<group>"; };
		C3AED31313562D3400ECA9C0 /* en */ = {isa = PBXFileReference; lastKnownFileType = text.plist.strings; name = en; path = en.lproj/InfoPlist.strings; sourceTree = "<group>"; };
		C3AED31513562D3400ECA9C0 /* HoodStats-Prefix.pch */ = {isa = PBXFileReference; lastKnownFileType = sourcecode.c.h; path = "HoodStats-Prefix.pch"; sourceTree = "<group>"; };
		C3AED31613562D3400ECA9C0 /* main.m */ = {isa = PBXFileReference; lastKnownFileType = sourcecode.c.objc; path = main.m; sourceTree = "<group>"; };
		C3AED31813562D3400ECA9C0 /* HoodStatsAppDelegate.h */ = {isa = PBXFileReference; lastKnownFileType = sourcecode.c.h; path = HoodStatsAppDelegate.h; sourceTree = "<group>"; };
		C3AED31913562D3400ECA9C0 /* HoodStatsAppDelegate.m */ = {isa = PBXFileReference; lastKnownFileType = sourcecode.c.objc; path = HoodStatsAppDelegate.m; sourceTree = "<group>"; };
		C3AED31C13562D3400ECA9C0 /* en */ = {isa = PBXFileReference; lastKnownFileType = file.xib; name = en; path = en.lproj/MainWindow.xib; sourceTree = "<group>"; };
		C3AED31F13562D3400ECA9C0 /* HoodStats.xcdatamodel */ = {isa = PBXFileReference; lastKnownFileType = wrapper.xcdatamodel; path = HoodStats.xcdatamodel; sourceTree = "<group>"; };
		C3AED32613562E8000ECA9C0 /* CXMLDocument_PrivateExtensions.h */ = {isa = PBXFileReference; fileEncoding = 4; lastKnownFileType = sourcecode.c.h; path = CXMLDocument_PrivateExtensions.h; sourceTree = "<group>"; };
		C3AED32713562E8000ECA9C0 /* CXMLDocument_PrivateExtensions.m */ = {isa = PBXFileReference; fileEncoding = 4; lastKnownFileType = sourcecode.c.objc; path = CXMLDocument_PrivateExtensions.m; sourceTree = "<group>"; };
		C3AED32813562E8000ECA9C0 /* CXMLDocument.h */ = {isa = PBXFileReference; fileEncoding = 4; lastKnownFileType = sourcecode.c.h; path = CXMLDocument.h; sourceTree = "<group>"; };
		C3AED32913562E8000ECA9C0 /* CXMLDocument.m */ = {isa = PBXFileReference; fileEncoding = 4; lastKnownFileType = sourcecode.c.objc; path = CXMLDocument.m; sourceTree = "<group>"; };
		C3AED32A13562E8000ECA9C0 /* CXMLElement.h */ = {isa = PBXFileReference; fileEncoding = 4; lastKnownFileType = sourcecode.c.h; path = CXMLElement.h; sourceTree = "<group>"; };
		C3AED32B13562E8000ECA9C0 /* CXMLElement.m */ = {isa = PBXFileReference; fileEncoding = 4; lastKnownFileType = sourcecode.c.objc; path = CXMLElement.m; sourceTree = "<group>"; };
		C3AED32C13562E8000ECA9C0 /* CXMLNode_PrivateExtensions.h */ = {isa = PBXFileReference; fileEncoding = 4; lastKnownFileType = sourcecode.c.h; path = CXMLNode_PrivateExtensions.h; sourceTree = "<group>"; };
		C3AED32D13562E8000ECA9C0 /* CXMLNode_PrivateExtensions.m */ = {isa = PBXFileReference; fileEncoding = 4; lastKnownFileType = sourcecode.c.objc; path = CXMLNode_PrivateExtensions.m; sourceTree = "<group>"; };
		C3AED32E13562E8000ECA9C0 /* CXMLNode_XPathExtensions.h */ = {isa = PBXFileReference; fileEncoding = 4; lastKnownFileType = sourcecode.c.h; path = CXMLNode_XPathExtensions.h; sourceTree = "<group>"; };
		C3AED32F13562E8000ECA9C0 /* CXMLNode_XPathExtensions.m */ = {isa = PBXFileReference; fileEncoding = 4; lastKnownFileType = sourcecode.c.objc; path = CXMLNode_XPathExtensions.m; sourceTree = "<group>"; };
		C3AED33013562E8000ECA9C0 /* CXMLNode.h */ = {isa = PBXFileReference; fileEncoding = 4; lastKnownFileType = sourcecode.c.h; path = CXMLNode.h; sourceTree = "<group>"; };
		C3AED33113562E8000ECA9C0 /* CXMLNode.m */ = {isa = PBXFileReference; fileEncoding = 4; lastKnownFileType = sourcecode.c.objc; path = CXMLNode.m; sourceTree = "<group>"; };
		C3AED33213562E8000ECA9C0 /* TouchXML.h */ = {isa = PBXFileReference; fileEncoding = 4; lastKnownFileType = sourcecode.c.h; path = TouchXML.h; sourceTree = "<group>"; };
		C3AED33A13566E7D00ECA9C0 /* BaseController.h */ = {isa = PBXFileReference; fileEncoding = 4; lastKnownFileType = sourcecode.c.h; path = BaseController.h; sourceTree = "<group>"; };
		C3AED33B13566E7D00ECA9C0 /* BaseController.m */ = {isa = PBXFileReference; fileEncoding = 4; lastKnownFileType = sourcecode.c.objc; path = BaseController.m; sourceTree = "<group>"; };
		C3AED33D13566F4000ECA9C0 /* HoodStatsViewController.h */ = {isa = PBXFileReference; fileEncoding = 4; lastKnownFileType = sourcecode.c.h; path = HoodStatsViewController.h; sourceTree = "<group>"; };
		C3AED33E13566F4000ECA9C0 /* HoodStatsViewController.m */ = {isa = PBXFileReference; fileEncoding = 4; lastKnownFileType = sourcecode.c.objc; path = HoodStatsViewController.m; sourceTree = "<group>"; };
		C3AED33F13566F4000ECA9C0 /* HoodStatsViewController.xib */ = {isa = PBXFileReference; fileEncoding = 4; lastKnownFileType = file.xib; path = HoodStatsViewController.xib; sourceTree = "<group>"; };
		C3AED3441356706900ECA9C0 /* bubble.png */ = {isa = PBXFileReference; lastKnownFileType = image.png; path = bubble.png; sourceTree = "<group>"; };
		C3AED3451356706900ECA9C0 /* bubble@2x.png */ = {isa = PBXFileReference; lastKnownFileType = image.png; path = "bubble@2x.png"; sourceTree = "<group>"; };
		C3AED3481356706900ECA9C0 /* scanning.png */ = {isa = PBXFileReference; lastKnownFileType = image.png; path = scanning.png; sourceTree = "<group>"; };
		C3AED3491356706900ECA9C0 /* scanning@2x.png */ = {isa = PBXFileReference; lastKnownFileType = image.png; path = "scanning@2x.png"; sourceTree = "<group>"; };
		C3AED3501356708900ECA9C0 /* CoreMedia.framework */ = {isa = PBXFileReference; lastKnownFileType = wrapper.framework; name = CoreMedia.framework; path = System/Library/Frameworks/CoreMedia.framework; sourceTree = SDKROOT; };
		C3AED352135670B300ECA9C0 /* CoreLocation.framework */ = {isa = PBXFileReference; lastKnownFileType = wrapper.framework; name = CoreLocation.framework; path = System/Library/Frameworks/CoreLocation.framework; sourceTree = SDKROOT; };
		C3AED354135670B800ECA9C0 /* AVFoundation.framework */ = {isa = PBXFileReference; lastKnownFileType = wrapper.framework; name = AVFoundation.framework; path = System/Library/Frameworks/AVFoundation.framework; sourceTree = SDKROOT; };
		C3F613A8135A317E0067C9A9 /* CoreVideo.framework */ = {isa = PBXFileReference; lastKnownFileType = wrapper.framework; name = CoreVideo.framework; path = System/Library/Frameworks/CoreVideo.framework; sourceTree = SDKROOT; };
		C3F9DD3813A2A065004A8AE5 /* MapKit.framework */ = {isa = PBXFileReference; lastKnownFileType = wrapper.framework; name = MapKit.framework; path = System/Library/Frameworks/MapKit.framework; sourceTree = SDKROOT; };
/* End PBXFileReference section */

/* Begin PBXFrameworksBuildPhase section */
		C3AED30013562D3400ECA9C0 /* Frameworks */ = {
			isa = PBXFrameworksBuildPhase;
			buildActionMask = 2147483647;
			files = (
				C3F9DD3913A2A065004A8AE5 /* MapKit.framework in Frameworks */,
				C34D6E03139D6ABF00F4CCAD /* CoreMotion.framework in Frameworks */,
				C32EBA64135E6D840056AAD7 /* AssetsLibrary.framework in Frameworks */,
				C3F613A9135A317E0067C9A9 /* CoreVideo.framework in Frameworks */,
				C343558E135A2FE900895B9C /* ImageIO.framework in Frameworks */,
				C343558C135A196B00895B9C /* QuartzCore.framework in Frameworks */,
				C3AED3511356708900ECA9C0 /* CoreMedia.framework in Frameworks */,
				C3AED355135670B800ECA9C0 /* AVFoundation.framework in Frameworks */,
				C3AED353135670B300ECA9C0 /* CoreLocation.framework in Frameworks */,
				C3AED30813562D3400ECA9C0 /* UIKit.framework in Frameworks */,
				C3AED30A13562D3400ECA9C0 /* Foundation.framework in Frameworks */,
				C3AED30C13562D3400ECA9C0 /* CoreGraphics.framework in Frameworks */,
				C3AED30E13562D3400ECA9C0 /* CoreData.framework in Frameworks */,
			);
			runOnlyForDeploymentPostprocessing = 0;
		};
/* End PBXFrameworksBuildPhase section */

/* Begin PBXGroup section */
		C30A687F136DBF600061787D /* Fonts */ = {
			isa = PBXGroup;
			children = (
				C3A2DEBF136DC55E003E8E35 /* Bellerose.ttf */,
			);
			name = Fonts;
			sourceTree = "<group>";
		};
		C3AED2F813562D3400ECA9C0 = {
			isa = PBXGroup;
			children = (
				C3AED30F13562D3400ECA9C0 /* HoodStats */,
				C3AED30613562D3400ECA9C0 /* Frameworks */,
				C3AED30413562D3400ECA9C0 /* Products */,
			);
			sourceTree = "<group>";
		};
		C3AED30413562D3400ECA9C0 /* Products */ = {
			isa = PBXGroup;
			children = (
				C3AED30313562D3400ECA9C0 /* HoodStats.app */,
			);
			name = Products;
			sourceTree = "<group>";
		};
		C3AED30613562D3400ECA9C0 /* Frameworks */ = {
			isa = PBXGroup;
			children = (
				C3F9DD3813A2A065004A8AE5 /* MapKit.framework */,
				C34D6E02139D6ABF00F4CCAD /* CoreMotion.framework */,
				C32EBA63135E6D840056AAD7 /* AssetsLibrary.framework */,
				C3AED354135670B800ECA9C0 /* AVFoundation.framework */,
				C3AED3501356708900ECA9C0 /* CoreMedia.framework */,
				C3F613A8135A317E0067C9A9 /* CoreVideo.framework */,
				C343558D135A2FE900895B9C /* ImageIO.framework */,
				C343558B135A196B00895B9C /* QuartzCore.framework */,
				C3AED352135670B300ECA9C0 /* CoreLocation.framework */,
				C3AED30713562D3400ECA9C0 /* UIKit.framework */,
				C3AED30913562D3400ECA9C0 /* Foundation.framework */,
				C3AED30B13562D3400ECA9C0 /* CoreGraphics.framework */,
				C3AED30D13562D3400ECA9C0 /* CoreData.framework */,
			);
			name = Frameworks;
			sourceTree = "<group>";
		};
		C3AED30F13562D3400ECA9C0 /* HoodStats */ = {
			isa = PBXGroup;
			children = (
				C3AED31813562D3400ECA9C0 /* HoodStatsAppDelegate.h */,
				C3AED31913562D3400ECA9C0 /* HoodStatsAppDelegate.m */,
				C3AED33A13566E7D00ECA9C0 /* BaseController.h */,
				C3AED33B13566E7D00ECA9C0 /* BaseController.m */,
				C3AED33D13566F4000ECA9C0 /* HoodStatsViewController.h */,
				C3AED33E13566F4000ECA9C0 /* HoodStatsViewController.m */,
				C37D388B135716E000239810 /* InfoViewController.h */,
				C37D388C135716E000239810 /* InfoViewController.m */,
				C358D3A21363AE3A007B7A7A /* GalleryViewController.h */,
				C358D3A31363AE3A007B7A7A /* GalleryViewController.m */,
				C343119F136B41DD00862240 /* PhotoViewController.h */,
				C34311A0136B41DD00862240 /* PhotoViewController.m */,
				C3AED33913562E8800ECA9C0 /* TouchXML */,
				C3AED31013562D3400ECA9C0 /* Supporting Files */,
			);
			path = HoodStats;
			sourceTree = "<group>";
		};
		C3AED31013562D3400ECA9C0 /* Supporting Files */ = {
			isa = PBXGroup;
			children = (
				C30A687F136DBF600061787D /* Fonts */,
				C3AED3431356705300ECA9C0 /* Graphics */,
				C3AED34213566F4D00ECA9C0 /* XIB */,
				C3AED31E13562D3400ECA9C0 /* HoodStats.xcdatamodeld */,
				C3AED31113562D3400ECA9C0 /* HoodStats-Info.plist */,
				C3AED31213562D3400ECA9C0 /* InfoPlist.strings */,
				C3AED31513562D3400ECA9C0 /* HoodStats-Prefix.pch */,
				C3AED31613562D3400ECA9C0 /* main.m */,
			);
			name = "Supporting Files";
			sourceTree = "<group>";
		};
		C3AED33913562E8800ECA9C0 /* TouchXML */ = {
			isa = PBXGroup;
			children = (
				C3AED32613562E8000ECA9C0 /* CXMLDocument_PrivateExtensions.h */,
				C3AED32713562E8000ECA9C0 /* CXMLDocument_PrivateExtensions.m */,
				C3AED32813562E8000ECA9C0 /* CXMLDocument.h */,
				C3AED32913562E8000ECA9C0 /* CXMLDocument.m */,
				C3AED32A13562E8000ECA9C0 /* CXMLElement.h */,
				C3AED32B13562E8000ECA9C0 /* CXMLElement.m */,
				C3AED32C13562E8000ECA9C0 /* CXMLNode_PrivateExtensions.h */,
				C3AED32D13562E8000ECA9C0 /* CXMLNode_PrivateExtensions.m */,
				C3AED32E13562E8000ECA9C0 /* CXMLNode_XPathExtensions.h */,
				C3AED32F13562E8000ECA9C0 /* CXMLNode_XPathExtensions.m */,
				C3AED33013562E8000ECA9C0 /* CXMLNode.h */,
				C3AED33113562E8000ECA9C0 /* CXMLNode.m */,
				C3AED33213562E8000ECA9C0 /* TouchXML.h */,
			);
			name = TouchXML;
			path = ..;
			sourceTree = "<group>";
		};
		C3AED34213566F4D00ECA9C0 /* XIB */ = {
			isa = PBXGroup;
			children = (
				C3AED31B13562D3400ECA9C0 /* MainWindow.xib */,
				C3AED33F13566F4000ECA9C0 /* HoodStatsViewController.xib */,
				C37D388D135716E000239810 /* InfoViewController.xib */,
				C358D3A41363AE3A007B7A7A /* GalleryViewController.xib */,
				C34311A1136B41DE00862240 /* PhotoViewController.xib */,
			);
			name = XIB;
			sourceTree = "<group>";
		};
		C3AED3431356705300ECA9C0 /* Graphics */ = {
			isa = PBXGroup;
			children = (
				C3A2DEC91371D2CA003E8E35 /* forward.png */,
				C3A2DECA1371D2CA003E8E35 /* forward@2x.png */,
				C3A2DEC51371D2B9003E8E35 /* back.png */,
				C3A2DEC61371D2B9003E8E35 /* back@2x.png */,
				C3A2DEC1136DC7C7003E8E35 /* galleryBG.png */,
				C3A2DEC2136DC7C7003E8E35 /* galleryBG@2x.png */,
				C30A687B136DADE70061787D /* loading.png */,
				C30A687C136DADE70061787D /* loading@2x.png */,
				C30A6877136D0E6E0061787D /* infobg.png */,
				C30A6878136D0E6E0061787D /* infobg@2x.png */,
				C30A6854136CFD570061787D /* infoCellBG.png */,
				C30A6855136CFD570061787D /* infoCellBG@2x.png */,
				C30A684B136CEE570061787D /* navBack.png */,
				C30A684C136CEE570061787D /* navBack@2x.png */,
				C343557F1358C54800895B9C /* camera.png */,
				C34355801358C54800895B9C /* camera@2x.png */,
				C343557B1357DD7300895B9C /* settings.png */,
				C343557C1357DD7300895B9C /* settings@2x.png */,
				C37D38861357131000239810 /* info.png */,
				C37D38871357131000239810 /* info@2x.png */,
				C3AED3441356706900ECA9C0 /* bubble.png */,
				C3AED3451356706900ECA9C0 /* bubble@2x.png */,
				C3AED3481356706900ECA9C0 /* scanning.png */,
				C3AED3491356706900ECA9C0 /* scanning@2x.png */,
			);
			name = Graphics;
			sourceTree = "<group>";
		};
/* End PBXGroup section */

/* Begin PBXNativeTarget section */
		C3AED30213562D3400ECA9C0 /* HoodStats */ = {
			isa = PBXNativeTarget;
			buildConfigurationList = C3AED32313562D3400ECA9C0 /* Build configuration list for PBXNativeTarget "HoodStats" */;
			buildPhases = (
				C3AED2FF13562D3400ECA9C0 /* Sources */,
				C3AED30013562D3400ECA9C0 /* Frameworks */,
				C3AED30113562D3400ECA9C0 /* Resources */,
			);
			buildRules = (
			);
			dependencies = (
			);
			name = HoodStats;
			productName = HoodStats;
			productReference = C3AED30313562D3400ECA9C0 /* HoodStats.app */;
			productType = "com.apple.product-type.application";
		};
/* End PBXNativeTarget section */

/* Begin PBXProject section */
		C3AED2FA13562D3400ECA9C0 /* Project object */ = {
			isa = PBXProject;
			attributes = {
				ORGANIZATIONNAME = "Rush Devo";
			};
			buildConfigurationList = C3AED2FD13562D3400ECA9C0 /* Build configuration list for PBXProject "HoodStats" */;
			compatibilityVersion = "Xcode 3.2";
			developmentRegion = English;
			hasScannedForEncodings = 0;
			knownRegions = (
				en,
			);
			mainGroup = C3AED2F813562D3400ECA9C0;
			productRefGroup = C3AED30413562D3400ECA9C0 /* Products */;
			projectDirPath = "";
			projectRoot = "";
			targets = (
				C3AED30213562D3400ECA9C0 /* HoodStats */,
			);
		};
/* End PBXProject section */

/* Begin PBXResourcesBuildPhase section */
		C3AED30113562D3400ECA9C0 /* Resources */ = {
			isa = PBXResourcesBuildPhase;
			buildActionMask = 2147483647;
			files = (
				C3AED31413562D3400ECA9C0 /* InfoPlist.strings in Resources */,
				C3AED31D13562D3400ECA9C0 /* MainWindow.xib in Resources */,
				C3AED34113566F4000ECA9C0 /* HoodStatsViewController.xib in Resources */,
				C3AED34A1356706900ECA9C0 /* bubble.png in Resources */,
				C3AED34B1356706900ECA9C0 /* bubble@2x.png in Resources */,
				C3AED34E1356706900ECA9C0 /* scanning.png in Resources */,
				C3AED34F1356706900ECA9C0 /* scanning@2x.png in Resources */,
				C37D38881357131000239810 /* info.png in Resources */,
				C37D38891357131000239810 /* info@2x.png in Resources */,
				C37D388F135716E000239810 /* InfoViewController.xib in Resources */,
				C343557D1357DD7300895B9C /* settings.png in Resources */,
				C343557E1357DD7300895B9C /* settings@2x.png in Resources */,
				C34355811358C54800895B9C /* camera.png in Resources */,
				C34355821358C54800895B9C /* camera@2x.png in Resources */,
				C358D3A61363AE3A007B7A7A /* GalleryViewController.xib in Resources */,
				C34311A3136B41DE00862240 /* PhotoViewController.xib in Resources */,
				C30A684D136CEE570061787D /* navBack.png in Resources */,
				C30A684E136CEE570061787D /* navBack@2x.png in Resources */,
				C30A6856136CFD570061787D /* infoCellBG.png in Resources */,
				C30A6857136CFD570061787D /* infoCellBG@2x.png in Resources */,
				C30A6879136D0E6E0061787D /* infobg.png in Resources */,
				C30A687A136D0E6E0061787D /* infobg@2x.png in Resources */,
				C30A687D136DADE70061787D /* loading.png in Resources */,
				C30A687E136DADE70061787D /* loading@2x.png in Resources */,
				C3A2DEC0136DC55E003E8E35 /* Bellerose.ttf in Resources */,
				C3A2DEC3136DC7C7003E8E35 /* galleryBG.png in Resources */,
				C3A2DEC4136DC7C7003E8E35 /* galleryBG@2x.png in Resources */,
				C3A2DEC71371D2B9003E8E35 /* back.png in Resources */,
				C3A2DEC81371D2B9003E8E35 /* back@2x.png in Resources */,
				C3A2DECB1371D2CA003E8E35 /* forward.png in Resources */,
				C3A2DECC1371D2CA003E8E35 /* forward@2x.png in Resources */,
			);
			runOnlyForDeploymentPostprocessing = 0;
		};
/* End PBXResourcesBuildPhase section */

/* Begin PBXSourcesBuildPhase section */
		C3AED2FF13562D3400ECA9C0 /* Sources */ = {
			isa = PBXSourcesBuildPhase;
			buildActionMask = 2147483647;
			files = (
				C3AED31713562D3400ECA9C0 /* main.m in Sources */,
				C3AED31A13562D3400ECA9C0 /* HoodStatsAppDelegate.m in Sources */,
				C3AED32013562D3400ECA9C0 /* HoodStats.xcdatamodeld in Sources */,
				C3AED33313562E8000ECA9C0 /* CXMLDocument_PrivateExtensions.m in Sources */,
				C3AED33413562E8000ECA9C0 /* CXMLDocument.m in Sources */,
				C3AED33513562E8000ECA9C0 /* CXMLElement.m in Sources */,
				C3AED33613562E8000ECA9C0 /* CXMLNode_PrivateExtensions.m in Sources */,
				C3AED33713562E8000ECA9C0 /* CXMLNode_XPathExtensions.m in Sources */,
				C3AED33813562E8000ECA9C0 /* CXMLNode.m in Sources */,
				C3AED33C13566E7D00ECA9C0 /* BaseController.m in Sources */,
				C3AED34013566F4000ECA9C0 /* HoodStatsViewController.m in Sources */,
				C37D388E135716E000239810 /* InfoViewController.m in Sources */,
				C358D3A51363AE3A007B7A7A /* GalleryViewController.m in Sources */,
				C34311A2136B41DE00862240 /* PhotoViewController.m in Sources */,
			);
			runOnlyForDeploymentPostprocessing = 0;
		};
/* End PBXSourcesBuildPhase section */

/* Begin PBXVariantGroup section */
		C3AED31213562D3400ECA9C0 /* InfoPlist.strings */ = {
			isa = PBXVariantGroup;
			children = (
				C3AED31313562D3400ECA9C0 /* en */,
			);
			name = InfoPlist.strings;
			sourceTree = "<group>";
		};
		C3AED31B13562D3400ECA9C0 /* MainWindow.xib */ = {
			isa = PBXVariantGroup;
			children = (
				C3AED31C13562D3400ECA9C0 /* en */,
			);
			name = MainWindow.xib;
			sourceTree = "<group>";
		};
/* End PBXVariantGroup section */

/* Begin XCBuildConfiguration section */
		C3AED32113562D3400ECA9C0 /* Debug */ = {
			isa = XCBuildConfiguration;
			buildSettings = {
				ARCHS = "$(ARCHS_STANDARD_32_BIT)";
				"CODE_SIGN_IDENTITY[sdk=iphoneos*]" = "iPhone Developer";
				GCC_C_LANGUAGE_STANDARD = gnu99;
				GCC_OPTIMIZATION_LEVEL = 0;
				GCC_PREPROCESSOR_DEFINITIONS = DEBUG;
				GCC_SYMBOLS_PRIVATE_EXTERN = NO;
				GCC_VERSION = com.apple.compilers.llvmgcc42;
				GCC_WARN_ABOUT_RETURN_TYPE = YES;
				GCC_WARN_UNUSED_VARIABLE = YES;
				IPHONEOS_DEPLOYMENT_TARGET = 4.3;
				SDKROOT = iphoneos;
			};
			name = Debug;
		};
		C3AED32213562D3400ECA9C0 /* Release */ = {
			isa = XCBuildConfiguration;
			buildSettings = {
				ARCHS = "$(ARCHS_STANDARD_32_BIT)";
				"CODE_SIGN_IDENTITY[sdk=iphoneos*]" = "iPhone Developer";
				GCC_C_LANGUAGE_STANDARD = gnu99;
				GCC_VERSION = com.apple.compilers.llvmgcc42;
				GCC_WARN_ABOUT_RETURN_TYPE = YES;
				GCC_WARN_UNUSED_VARIABLE = YES;
				IPHONEOS_DEPLOYMENT_TARGET = 4.3;
				OTHER_CFLAGS = "-DNS_BLOCK_ASSERTIONS=1";
				SDKROOT = iphoneos;
			};
			name = Release;
		};
		C3AED32413562D3400ECA9C0 /* Debug */ = {
			isa = XCBuildConfiguration;
			buildSettings = {
				ALWAYS_SEARCH_USER_PATHS = NO;
				COPY_PHASE_STRIP = NO;
				GCC_DYNAMIC_NO_PIC = NO;
				GCC_PRECOMPILE_PREFIX_HEADER = YES;
				GCC_PREFIX_HEADER = "HoodStats/HoodStats-Prefix.pch";
				"HEADER_SEARCH_PATHS[arch=*]" = /usr/include/libxml2;
				INFOPLIST_FILE = "HoodStats/HoodStats-Info.plist";
				"OTHER_LDFLAGS[arch=*]" = "-lxml2";
				PRODUCT_NAME = "$(TARGET_NAME)";
				WRAPPER_EXTENSION = app;
			};
			name = Debug;
		};
		C3AED32513562D3400ECA9C0 /* Release */ = {
			isa = XCBuildConfiguration;
			buildSettings = {
				ALWAYS_SEARCH_USER_PATHS = NO;
				COPY_PHASE_STRIP = YES;
				GCC_PRECOMPILE_PREFIX_HEADER = YES;
				GCC_PREFIX_HEADER = "HoodStats/HoodStats-Prefix.pch";
				"HEADER_SEARCH_PATHS[arch=*]" = /usr/include/libxml2;
				INFOPLIST_FILE = "HoodStats/HoodStats-Info.plist";
				"OTHER_LDFLAGS[arch=*]" = "-lxml2";
				PRODUCT_NAME = "$(TARGET_NAME)";
				VALIDATE_PRODUCT = YES;
				WRAPPER_EXTENSION = app;
			};
			name = Release;
		};
/* End XCBuildConfiguration section */

/* Begin XCConfigurationList section */
		C3AED2FD13562D3400ECA9C0 /* Build configuration list for PBXProject "HoodStats" */ = {
			isa = XCConfigurationList;
			buildConfigurations = (
				C3AED32113562D3400ECA9C0 /* Debug */,
				C3AED32213562D3400ECA9C0 /* Release */,
			);
			defaultConfigurationIsVisible = 0;
			defaultConfigurationName = Release;
		};
		C3AED32313562D3400ECA9C0 /* Build configuration list for PBXNativeTarget "HoodStats" */ = {
			isa = XCConfigurationList;
			buildConfigurations = (
				C3AED32413562D3400ECA9C0 /* Debug */,
				C3AED32513562D3400ECA9C0 /* Release */,
			);
			defaultConfigurationIsVisible = 0;
			defaultConfigurationName = Release;
		};
/* End XCConfigurationList section */

/* Begin XCVersionGroup section */
		C3AED31E13562D3400ECA9C0 /* HoodStats.xcdatamodeld */ = {
			isa = XCVersionGroup;
			children = (
				C3AED31F13562D3400ECA9C0 /* HoodStats.xcdatamodel */,
			);
			currentVersion = C3AED31F13562D3400ECA9C0 /* HoodStats.xcdatamodel */;
			path = HoodStats.xcdatamodeld;
			sourceTree = "<group>";
			versionGroupType = wrapper.xcdatamodel;
		};
/* End XCVersionGroup section */
	};
	rootObject = C3AED2FA13562D3400ECA9C0 /* Project object */;
}
